
Microsoft Visual Studio Solution File, Format Version 12.00
# Visual Studio Version 17
VisualStudioVersion = 17.7.34202.233
MinimumVisualStudioVersion = 10.0.40219.1
Project("{FAE04EC0-301F-11D3-BF4B-00C04F79EFBC}") = "Lab2", "Lab2\Lab2.csproj", "{4D60485E-C989-410D-975D-5343E0C0A5DD}"
EndProject
Global
	GlobalSection(SolutionConfigurationPlatforms) = preSolution
		Debug|Any CPU = Debug|Any CPU
		Release|Any CPU = Release|Any CPU
	EndGlobalSection
	GlobalSection(ProjectConfigurationPlatforms) = postSolution
		{4D60485E-C989-410D-975D-5343E0C0A5DD}.Debug|Any CPU.ActiveCfg = Debug|Any CPU
		{4D60485E-C989-410D-975D-5343E0C0A5DD}.Debug|Any CPU.Build.0 = Debug|Any CPU
		{4D60485E-C989-410D-975D-5343E0C0A5DD}.Release|Any CPU.ActiveCfg = Release|Any CPU
		{4D60485E-C989-410D-975D-5343E0C0A5DD}.Release|Any CPU.Build.0 = Release|Any CPU
	EndGlobalSection
	GlobalSection(SolutionProperties) = preSolution
		HideSolutionNode = FALSE
	EndGlobalSection
	GlobalSection(ExtensibilityGlobals) = postSolution
		SolutionGuid = {F89FA485-67A4-4EBC-B86F-0D255BF9CB5E}
	EndGlobalSection
EndGlobal
